
Microsoft Visual Studio Solution File, Format Version 12.00
# Visual Studio Version 17
VisualStudioVersion = 17.4.33110.190
MinimumVisualStudioVersion = 10.0.40219.1
Project("{2150E333-8FDC-42A3-9474-1A3956D46DE8}") = "~items", "~items", "{2E941AE7-C93A-4A37-A244-3036961E091C}"
	ProjectSection(SolutionItems) = preProject
		cc.isr.onc.rpc.sln.vsspell = cc.isr.onc.rpc.sln.vsspell
		..\CHANGELOG.md = ..\CHANGELOG.md
		items\ignored.dic = items\ignored.dic
		..\onc.rpc.md = ..\onc.rpc.md
		..\README.md = ..\README.md
		items\readme.md = items\readme.md
		..\RemoteTeaJavaLibrary.md = ..\RemoteTeaJavaLibrary.md
	EndProjectSection
EndProject
Project("{2150E333-8FDC-42A3-9474-1A3956D46DE8}") = "~build", "~build", "{C0446CE0-1B2E-45A4-AAD0-E52559423D42}"
	ProjectSection(SolutionItems) = preProject
		items\version.build.bat = items\version.build.bat
		items\version.build.props = items\version.build.props
		items\version.build.tt = items\version.build.tt
	EndProjectSection
EndProject
Project("{9A19103F-16F7-4668-BE54-9A1E7A4F7556}") = "org.acplt.oncrpc", "rpc\oncrpc\org.acplt.oncrpc.csproj", "{FD4176B5-439D-4AC3-842D-49AA28059C5E}"
EndProject
Project("{9A19103F-16F7-4668-BE54-9A1E7A4F7556}") = "org.acplt.oncrpc.MSTest", "rpc\oncrpc.mstest\org.acplt.oncrpc.MSTest.csproj", "{A3D9DC7A-3A09-4F6B-B29F-1B75271D7885}"
EndProject
Global
	GlobalSection(SolutionConfigurationPlatforms) = preSolution
		Debug|Any CPU = Debug|Any CPU
		Release|Any CPU = Release|Any CPU
	EndGlobalSection
	GlobalSection(ProjectConfigurationPlatforms) = postSolution
		{FD4176B5-439D-4AC3-842D-49AA28059C5E}.Debug|Any CPU.ActiveCfg = Debug|Any CPU
		{FD4176B5-439D-4AC3-842D-49AA28059C5E}.Debug|Any CPU.Build.0 = Debug|Any CPU
		{FD4176B5-439D-4AC3-842D-49AA28059C5E}.Release|Any CPU.ActiveCfg = Release|Any CPU
		{FD4176B5-439D-4AC3-842D-49AA28059C5E}.Release|Any CPU.Build.0 = Release|Any CPU
		{A3D9DC7A-3A09-4F6B-B29F-1B75271D7885}.Debug|Any CPU.ActiveCfg = Debug|Any CPU
		{A3D9DC7A-3A09-4F6B-B29F-1B75271D7885}.Debug|Any CPU.Build.0 = Debug|Any CPU
		{A3D9DC7A-3A09-4F6B-B29F-1B75271D7885}.Release|Any CPU.ActiveCfg = Release|Any CPU
		{A3D9DC7A-3A09-4F6B-B29F-1B75271D7885}.Release|Any CPU.Build.0 = Release|Any CPU
	EndGlobalSection
	GlobalSection(SolutionProperties) = preSolution
		HideSolutionNode = FALSE
	EndGlobalSection
	GlobalSection(ExtensibilityGlobals) = postSolution
		SolutionGuid = {6DAFC4CD-1578-4DCE-A820-83F79E7EE910}
	EndGlobalSection
EndGlobal
