
Microsoft Visual Studio Solution File, Format Version 12.00
# Visual Studio Version 17
VisualStudioVersion = 17.4.33110.190
MinimumVisualStudioVersion = 10.0.40219.1
Project("{2150E333-8FDC-42A3-9474-1A3956D46DE8}") = "~items", "~items", "{2E941AE7-C93A-4A37-A244-3036961E091C}"
	ProjectSection(SolutionItems) = preProject
		cc.isr.onc.rpc.sln.vsspell = cc.isr.onc.rpc.sln.vsspell
		..\CHANGELOG.md = ..\CHANGELOG.md
		items\ignored.dic = items\ignored.dic
		..\onc.rpc.md = ..\onc.rpc.md
		..\README.md = ..\README.md
		items\readme.md = items\readme.md
		..\RemoteTeaJavaLibrary.md = ..\RemoteTeaJavaLibrary.md
	EndProjectSection
EndProject
Project("{2150E333-8FDC-42A3-9474-1A3956D46DE8}") = "~build", "~build", "{C0446CE0-1B2E-45A4-AAD0-E52559423D42}"
	ProjectSection(SolutionItems) = preProject
		items\version.build.bat = items\version.build.bat
		items\version.build.props = items\version.build.props
		items\version.build.tt = items\version.build.tt
	EndProjectSection
EndProject
Project("{9A19103F-16F7-4668-BE54-9A1E7A4F7556}") = "cc.isr.XDR", "..\..\xdr\src\xdr\xdr\cc.isr.XDR.csproj", "{8D0D4BBD-EF6D-4335-9106-239B3FF708C6}"
EndProject
Project("{9A19103F-16F7-4668-BE54-9A1E7A4F7556}") = "cc.isr.XDR.MSTest", "..\..\xdr\src\xdr\xdr.MSTest\cc.isr.XDR.MSTest.csproj", "{1CB61479-5FFF-4116-918C-E84CC813785A}"
EndProject
Project("{9A19103F-16F7-4668-BE54-9A1E7A4F7556}") = "cc.isr.ONC.RPC", "rpc\oncrpc\cc.isr.ONC.RPC.csproj", "{884E0A3A-0E74-499F-8B0B-BE75B07DCCC8}"
EndProject
Project("{9A19103F-16F7-4668-BE54-9A1E7A4F7556}") = "cc.isr.ONC.RPC.MSTest", "rpc\oncrpc.mstest\cc.isr.ONC.RPC.MSTest.csproj", "{656943A3-4AB3-402F-86DB-CD504CFF3F56}"
EndProject
Global
	GlobalSection(SolutionConfigurationPlatforms) = preSolution
		Debug|Any CPU = Debug|Any CPU
		Release|Any CPU = Release|Any CPU
	EndGlobalSection
	GlobalSection(ProjectConfigurationPlatforms) = postSolution
		{8D0D4BBD-EF6D-4335-9106-239B3FF708C6}.Debug|Any CPU.ActiveCfg = Debug|Any CPU
		{8D0D4BBD-EF6D-4335-9106-239B3FF708C6}.Debug|Any CPU.Build.0 = Debug|Any CPU
		{8D0D4BBD-EF6D-4335-9106-239B3FF708C6}.Release|Any CPU.ActiveCfg = Release|Any CPU
		{8D0D4BBD-EF6D-4335-9106-239B3FF708C6}.Release|Any CPU.Build.0 = Release|Any CPU
		{1CB61479-5FFF-4116-918C-E84CC813785A}.Debug|Any CPU.ActiveCfg = Debug|Any CPU
		{1CB61479-5FFF-4116-918C-E84CC813785A}.Debug|Any CPU.Build.0 = Debug|Any CPU
		{1CB61479-5FFF-4116-918C-E84CC813785A}.Release|Any CPU.ActiveCfg = Release|Any CPU
		{1CB61479-5FFF-4116-918C-E84CC813785A}.Release|Any CPU.Build.0 = Release|Any CPU
		{884E0A3A-0E74-499F-8B0B-BE75B07DCCC8}.Debug|Any CPU.ActiveCfg = Debug|Any CPU
		{884E0A3A-0E74-499F-8B0B-BE75B07DCCC8}.Debug|Any CPU.Build.0 = Debug|Any CPU
		{884E0A3A-0E74-499F-8B0B-BE75B07DCCC8}.Release|Any CPU.ActiveCfg = Release|Any CPU
		{884E0A3A-0E74-499F-8B0B-BE75B07DCCC8}.Release|Any CPU.Build.0 = Release|Any CPU
		{656943A3-4AB3-402F-86DB-CD504CFF3F56}.Debug|Any CPU.ActiveCfg = Debug|Any CPU
		{656943A3-4AB3-402F-86DB-CD504CFF3F56}.Debug|Any CPU.Build.0 = Debug|Any CPU
		{656943A3-4AB3-402F-86DB-CD504CFF3F56}.Release|Any CPU.ActiveCfg = Release|Any CPU
		{656943A3-4AB3-402F-86DB-CD504CFF3F56}.Release|Any CPU.Build.0 = Release|Any CPU
	EndGlobalSection
	GlobalSection(SolutionProperties) = preSolution
		HideSolutionNode = FALSE
	EndGlobalSection
	GlobalSection(ExtensibilityGlobals) = postSolution
		SolutionGuid = {6DAFC4CD-1578-4DCE-A820-83F79E7EE910}
	EndGlobalSection
EndGlobal
